// !$*UTF8*$!
{
	archiveVersion = 1;
	classes = {
	};
	objectVersion = 46;
	objects = {

/* Begin PBXBuildFile section */
		30897AE31D57D387000E3DDF /* AppDelegate.swift in Sources */ = {isa = PBXBuildFile; fileRef = 30897AE21D57D387000E3DDF /* AppDelegate.swift */; };
		30897AE51D57D387000E3DDF /* ViewController.swift in Sources */ = {isa = PBXBuildFile; fileRef = 30897AE41D57D387000E3DDF /* ViewController.swift */; };
		30897AE71D57D387000E3DDF /* Assets.xcassets in Resources */ = {isa = PBXBuildFile; fileRef = 30897AE61D57D387000E3DDF /* Assets.xcassets */; };
		30897AEA1D57D387000E3DDF /* Main.storyboard in Resources */ = {isa = PBXBuildFile; fileRef = 30897AE81D57D387000E3DDF /* Main.storyboard */; };
/* End PBXBuildFile section */

/* Begin PBXFileReference section */
		30897ADF1D57D387000E3DDF /* emojiToPNG.app */ = {isa = PBXFileReference; explicitFileType = wrapper.application; includeInIndex = 0; path = emojiToPNG.app; sourceTree = BUILT_PRODUCTS_DIR; };
		30897AE21D57D387000E3DDF /* AppDelegate.swift */ = {isa = PBXFileReference; lastKnownFileType = sourcecode.swift; path = AppDelegate.swift; sourceTree = "<group>"; };
		30897AE41D57D387000E3DDF /* ViewController.swift */ = {isa = PBXFileReference; lastKnownFileType = sourcecode.swift; path = ViewController.swift; sourceTree = "<group>"; };
		30897AE61D57D387000E3DDF /* Assets.xcassets */ = {isa = PBXFileReference; lastKnownFileType = folder.assetcatalog; path = Assets.xcassets; sourceTree = "<group>"; };
		30897AE91D57D387000E3DDF /* Base */ = {isa = PBXFileReference; lastKnownFileType = file.storyboard; name = Base; path = Base.lproj/Main.storyboard; sourceTree = "<group>"; };
		30897AEB1D57D387000E3DDF /* Info.plist */ = {isa = PBXFileReference; lastKnownFileType = text.plist.xml; path = Info.plist; sourceTree = "<group>"; };
/* End PBXFileReference section */

/* Begin PBXFrameworksBuildPhase section */
		30897ADC1D57D387000E3DDF /* Frameworks */ = {
			isa = PBXFrameworksBuildPhase;
			buildActionMask = 2147483647;
			files = (
			);
			runOnlyForDeploymentPostprocessing = 0;
		};
/* End PBXFrameworksBuildPhase section */

/* Begin PBXGroup section */
		30897AD61D57D387000E3DDF = {
			isa = PBXGroup;
			children = (
				30897AE11D57D387000E3DDF /* emojiToPNG */,
				30897AE01D57D387000E3DDF /* Products */,
			);
			sourceTree = "<group>";
		};
		30897AE01D57D387000E3DDF /* Products */ = {
			isa = PBXGroup;
			children = (
				30897ADF1D57D387000E3DDF /* emojiToPNG.app */,
			);
			name = Products;
			sourceTree = "<group>";
		};
		30897AE11D57D387000E3DDF /* emojiToPNG */ = {
			isa = PBXGroup;
			children = (
				30897AE21D57D387000E3DDF /* AppDelegate.swift */,
				30897AE41D57D387000E3DDF /* ViewController.swift */,
				30897AE61D57D387000E3DDF /* Assets.xcassets */,
				30897AE81D57D387000E3DDF /* Main.storyboard */,
				30897AEB1D57D387000E3DDF /* Info.plist */,
			);
			path = emojiToPNG;
			sourceTree = "<group>";
		};
/* End PBXGroup section */

/* Begin PBXNativeTarget section */
		30897ADE1D57D387000E3DDF /* emojiToPNG */ = {
			isa = PBXNativeTarget;
			buildConfigurationList = 30897AEE1D57D387000E3DDF /* Build configuration list for PBXNativeTarget "emojiToPNG" */;
			buildPhases = (
				30897ADB1D57D387000E3DDF /* Sources */,
				30897ADC1D57D387000E3DDF /* Frameworks */,
				30897ADD1D57D387000E3DDF /* Resources */,
			);
			buildRules = (
			);
			dependencies = (
			);
			name = emojiToPNG;
			productName = emojiToPNG;
			productReference = 30897ADF1D57D387000E3DDF /* emojiToPNG.app */;
			productType = "com.apple.product-type.application";
		};
/* End PBXNativeTarget section */

/* Begin PBXProject section */
		30897AD71D57D387000E3DDF /* Project object */ = {
			isa = PBXProject;
			attributes = {
				LastSwiftUpdateCheck = 0730;
				LastUpgradeCheck = 0730;
				ORGANIZATIONNAME = "Daniel Zanchi";
				TargetAttributes = {
					30897ADE1D57D387000E3DDF = {
						CreatedOnToolsVersion = 7.3.1;
					};
				};
			};
			buildConfigurationList = 30897ADA1D57D387000E3DDF /* Build configuration list for PBXProject "emojiToPNG" */;
			compatibilityVersion = "Xcode 3.2";
			developmentRegion = English;
			hasScannedForEncodings = 0;
			knownRegions = (
				en,
				Base,
			);
			mainGroup = 30897AD61D57D387000E3DDF;
			productRefGroup = 30897AE01D57D387000E3DDF /* Products */;
			projectDirPath = "";
			projectRoot = "";
			targets = (
				30897ADE1D57D387000E3DDF /* emojiToPNG */,
			);
		};
/* End PBXProject section */

/* Begin PBXResourcesBuildPhase section */
		30897ADD1D57D387000E3DDF /* Resources */ = {
			isa = PBXResourcesBuildPhase;
			buildActionMask = 2147483647;
			files = (
				30897AE71D57D387000E3DDF /* Assets.xcassets in Resources */,
				30897AEA1D57D387000E3DDF /* Main.storyboard in Resources */,
			);
			runOnlyForDeploymentPostprocessing = 0;
		};
/* End PBXResourcesBuildPhase section */

/* Begin PBXSourcesBuildPhase section */
		30897ADB1D57D387000E3DDF /* Sources */ = {
			isa = PBXSourcesBuildPhase;
			buildActionMask = 2147483647;
			files = (
				30897AE51D57D387000E3DDF /* ViewController.swift in Sources */,
				30897AE31D57D387000E3DDF /* AppDelegate.swift in Sources */,
			);
			runOnlyForDeploymentPostprocessing = 0;
		};
/* End PBXSourcesBuildPhase section */

/* Begin PBXVariantGroup section */
		30897AE81D57D387000E3DDF /* Main.storyboard */ = {
			isa = PBXVariantGroup;
			children = (
				30897AE91D57D387000E3DDF /* Base */,
			);
			name = Main.storyboard;
			sourceTree = "<group>";
		};
/* End PBXVariantGroup section */

/* Begin XCBuildConfiguration section */
		30897AEC1D57D387000E3DDF /* Debug */ = {
			isa = XCBuildConfiguration;
			buildSettings = {
				ALWAYS_SEARCH_USER_PATHS = NO;
				CLANG_ANALYZER_NONNULL = YES;
				CLANG_CXX_LANGUAGE_STANDARD = "gnu++0x";
				CLANG_CXX_LIBRARY = "libc++";
				CLANG_ENABLE_MODULES = YES;
				CLANG_ENABLE_OBJC_ARC = YES;
				CLANG_WARN_BOOL_CONVERSION = YES;
				CLANG_WARN_CONSTANT_CONVERSION = YES;
				CLANG_WARN_DIRECT_OBJC_ISA_USAGE = YES_ERROR;
				CLANG_WARN_EMPTY_BODY = YES;
				CLANG_WARN_ENUM_CONVERSION = YES;
				CLANG_WARN_INT_CONVERSION = YES;
				CLANG_WARN_OBJC_ROOT_CLASS = YES_ERROR;
				CLANG_WARN_UNREACHABLE_CODE = YES;
				CLANG_WARN__DUPLICATE_METHOD_MATCH = YES;
				CODE_SIGN_IDENTITY = "-";
				COPY_PHASE_STRIP = NO;
				DEBUG_INFORMATION_FORMAT = dwarf;
				ENABLE_STRICT_OBJC_MSGSEND = YES;
				ENABLE_TESTABILITY = YES;
				GCC_C_LANGUAGE_STANDARD = gnu99;
				GCC_DYNAMIC_NO_PIC = NO;
				GCC_NO_COMMON_BLOCKS = YES;
				GCC_OPTIMIZATION_LEVEL = 0;
				GCC_PREPROCESSOR_DEFINITIONS = (
					"DEBUG=1",
					"$(inherited)",
				);
				GCC_WARN_64_TO_32_BIT_CONVERSION = YES;
				GCC_WARN_ABOUT_RETURN_TYPE = YES_ERROR;
				GCC_WARN_UNDECLARED_SELECTOR = YES;
				GCC_WARN_UNINITIALIZED_AUTOS = YES_AGGRESSIVE;
				GCC_WARN_UNUSED_FUNCTION = YES;
				GCC_WARN_UNUSED_VARIABLE = YES;
				MACOSX_DEPLOYMENT_TARGET = 10.11;
				MTL_ENABLE_DEBUG_INFO = YES;
				ONLY_ACTIVE_ARCH = YES;
				SDKROOT = macosx;
				SWIFT_OPTIMIZATION_LEVEL = "-Onone";
			};
			name = Debug;
		};
		30897AED1D57D387000E3DDF /* Release */ = {
			isa = XCBuildConfiguration;
			buildSettings = {
				ALWAYS_SEARCH_USER_PATHS = NO;
				CLANG_ANALYZER_NONNULL = YES;
				CLANG_CXX_LANGUAGE_STANDARD = "gnu++0x";
				CLANG_CXX_LIBRARY = "libc++";
				CLANG_ENABLE_MODULES = YES;
				CLANG_ENABLE_OBJC_ARC = YES;
				CLANG_WARN_BOOL_CONVERSION = YES;
				CLANG_WARN_CONSTANT_CONVERSION = YES;
				CLANG_WARN_DIRECT_OBJC_ISA_USAGE = YES_ERROR;
				CLANG_WARN_EMPTY_BODY = YES;
				CLANG_WARN_ENUM_CONVERSION = YES;
				CLANG_WARN_INT_CONVERSION = YES;
				CLANG_WARN_OBJC_ROOT_CLASS = YES_ERROR;
				CLANG_WARN_UNREACHABLE_CODE = YES;
				CLANG_WARN__DUPLICATE_METHOD_MATCH = YES;
				CODE_SIGN_IDENTITY = "-";
				COPY_PHASE_STRIP = NO;
				DEBUG_INFORMATION_FORMAT = "dwarf-with-dsym";
				ENABLE_NS_ASSERTIONS = NO;
				ENABLE_STRICT_OBJC_MSGSEND = YES;
				GCC_C_LANGUAGE_STANDARD = gnu99;
				GCC_NO_COMMON_BLOCKS = YES;
				GCC_WARN_64_TO_32_BIT_CONVERSION = YES;
				GCC_WARN_ABOUT_RETURN_TYPE = YES_ERROR;
				GCC_WARN_UNDECLARED_SELECTOR = YES;
				GCC_WARN_UNINITIALIZED_AUTOS = YES_AGGRESSIVE;
				GCC_WARN_UNUSED_FUNCTION = YES;
				GCC_WARN_UNUSED_VARIABLE = YES;
				MACOSX_DEPLOYMENT_TARGET = 10.11;
				MTL_ENABLE_DEBUG_INFO = NO;
				SDKROOT = macosx;
			};
			name = Release;
		};
		30897AEF1D57D387000E3DDF /* Debug */ = {
			isa = XCBuildConfiguration;
			buildSettings = {
				ASSETCATALOG_COMPILER_APPICON_NAME = AppIcon;
				COMBINE_HIDPI_IMAGES = YES;
				INFOPLIST_FILE = emojiToPNG/Info.plist;
				LD_RUNPATH_SEARCH_PATHS = "$(inherited) @executable_path/../Frameworks";
				PRODUCT_BUNDLE_IDENTIFIER = com.DanielZanchi.emojiToPNG;
				PRODUCT_NAME = "$(TARGET_NAME)";
			};
			name = Debug;
		};
		30897AF01D57D387000E3DDF /* Release */ = {
			isa = XCBuildConfiguration;
			buildSettings = {
				ASSETCATALOG_COMPILER_APPICON_NAME = AppIcon;
				COMBINE_HIDPI_IMAGES = YES;
				INFOPLIST_FILE = emojiToPNG/Info.plist;
				LD_RUNPATH_SEARCH_PATHS = "$(inherited) @executable_path/../Frameworks";
				PRODUCT_BUNDLE_IDENTIFIER = com.DanielZanchi.emojiToPNG;
				PRODUCT_NAME = "$(TARGET_NAME)";
			};
			name = Release;
		};
/* End XCBuildConfiguration section */

/* Begin XCConfigurationList section */
		30897ADA1D57D387000E3DDF /* Build configuration list for PBXProject "emojiToPNG" */ = {
			isa = XCConfigurationList;
			buildConfigurations = (
				30897AEC1D57D387000E3DDF /* Debug */,
				30897AED1D57D387000E3DDF /* Release */,
			);
			defaultConfigurationIsVisible = 0;
			defaultConfigurationName = Release;
		};
		30897AEE1D57D387000E3DDF /* Build configuration list for PBXNativeTarget "emojiToPNG" */ = {
			isa = XCConfigurationList;
			buildConfigurations = (
				30897AEF1D57D387000E3DDF /* Debug */,
				30897AF01D57D387000E3DDF /* Release */,
			);
			defaultConfigurationIsVisible = 0;
		};
/* End XCConfigurationList section */
	};
	rootObject = 30897AD71D57D387000E3DDF /* Project object */;
}
